// !$*UTF8*$!
{
	archiveVersion = 1;
	classes = {
	};
	objectVersion = 56;
	objects = {

/* Begin PBXBuildFile section */
		4EA998F72B524E6F0046DC7C /* CheckPointApp.swift in Sources */ = {isa = PBXBuildFile; fileRef = 4EA998F62B524E6F0046DC7C /* CheckPointApp.swift */; };
		4EA998F92B524E6F0046DC7C /* ContentView.swift in Sources */ = {isa = PBXBuildFile; fileRef = 4EA998F82B524E6F0046DC7C /* ContentView.swift */; };
		4EA998FB2B524E710046DC7C /* Assets.xcassets in Resources */ = {isa = PBXBuildFile; fileRef = 4EA998FA2B524E710046DC7C /* Assets.xcassets */; };
		4EA998FF2B524E710046DC7C /* Preview Assets.xcassets in Resources */ = {isa = PBXBuildFile; fileRef = 4EA998FE2B524E710046DC7C /* Preview Assets.xcassets */; };
		4EA999092B524E710046DC7C /* CheckPointTests.swift in Sources */ = {isa = PBXBuildFile; fileRef = 4EA999082B524E710046DC7C /* CheckPointTests.swift */; };
		4EA999132B524E710046DC7C /* CheckPointUITests.swift in Sources */ = {isa = PBXBuildFile; fileRef = 4EA999122B524E710046DC7C /* CheckPointUITests.swift */; };
		4EA999152B524E710046DC7C /* CheckPointUITestsLaunchTests.swift in Sources */ = {isa = PBXBuildFile; fileRef = 4EA999142B524E710046DC7C /* CheckPointUITestsLaunchTests.swift */; };
		4EA999232B5251580046DC7C /* FirebaseAuth in Frameworks */ = {isa = PBXBuildFile; productRef = 4EA999222B5251580046DC7C /* FirebaseAuth */; };
		4EA999252B5251580046DC7C /* FirebaseFirestore in Frameworks */ = {isa = PBXBuildFile; productRef = 4EA999242B5251580046DC7C /* FirebaseFirestore */; };
		4EA999272B5251580046DC7C /* FirebaseFirestoreSwift in Frameworks */ = {isa = PBXBuildFile; productRef = 4EA999262B5251580046DC7C /* FirebaseFirestoreSwift */; };
		4EA9992F2B5258BD0046DC7C /* ProfileView.swift in Sources */ = {isa = PBXBuildFile; fileRef = 4EA9992E2B5258BD0046DC7C /* ProfileView.swift */; };
		4EA999312B5258E90046DC7C /* SelectUserView.swift in Sources */ = {isa = PBXBuildFile; fileRef = 4EA999302B5258E90046DC7C /* SelectUserView.swift */; };
		4EA999332B5258FE0046DC7C /* MembersView.swift in Sources */ = {isa = PBXBuildFile; fileRef = 4EA999322B5258FE0046DC7C /* MembersView.swift */; };
		4EA999352B52593B0046DC7C /* PersonalToDoView.swift in Sources */ = {isa = PBXBuildFile; fileRef = 4EA999342B52593B0046DC7C /* PersonalToDoView.swift */; };
		4EA999392B5259700046DC7C /* NewItemsMembersView.swift in Sources */ = {isa = PBXBuildFile; fileRef = 4EA999382B5259700046DC7C /* NewItemsMembersView.swift */; };
		4EA9993B2B525A9C0046DC7C /* LoginView.swift in Sources */ = {isa = PBXBuildFile; fileRef = 4EA9993A2B525A9C0046DC7C /* LoginView.swift */; };
		4EA9993D2B525AA60046DC7C /* RegistrationView.swift in Sources */ = {isa = PBXBuildFile; fileRef = 4EA9993C2B525AA60046DC7C /* RegistrationView.swift */; };
		4EA9993F2B525B240046DC7C /* PersonalToDoItemView.swift in Sources */ = {isa = PBXBuildFile; fileRef = 4EA9993E2B525B240046DC7C /* PersonalToDoItemView.swift */; };
		4EA999412B525B4A0046DC7C /* Account.swift in Sources */ = {isa = PBXBuildFile; fileRef = 4EA999402B525B4A0046DC7C /* Account.swift */; };
		4EA999432B525B700046DC7C /* ToDoListItem.swift in Sources */ = {isa = PBXBuildFile; fileRef = 4EA999422B525B700046DC7C /* ToDoListItem.swift */; };
		4EA999452B525BA50046DC7C /* ContentViewVM.swift in Sources */ = {isa = PBXBuildFile; fileRef = 4EA999442B525BA50046DC7C /* ContentViewVM.swift */; };
		4EA999472B525BD40046DC7C /* ProfileViewVM.swift in Sources */ = {isa = PBXBuildFile; fileRef = 4EA999462B525BD30046DC7C /* ProfileViewVM.swift */; };
		4EA999492B525BE10046DC7C /* SelectUserVM.swift in Sources */ = {isa = PBXBuildFile; fileRef = 4EA999482B525BE10046DC7C /* SelectUserVM.swift */; };
		4EA9994B2B525BF10046DC7C /* MembersViewVM.swift in Sources */ = {isa = PBXBuildFile; fileRef = 4EA9994A2B525BF10046DC7C /* MembersViewVM.swift */; };
		4EA9994D2B525C000046DC7C /* PersonalToDoViewVM.swift in Sources */ = {isa = PBXBuildFile; fileRef = 4EA9994C2B525C000046DC7C /* PersonalToDoViewVM.swift */; };
		4EA9994F2B525C0E0046DC7C /* NewItemsPersonalViewVM.swift in Sources */ = {isa = PBXBuildFile; fileRef = 4EA9994E2B525C0E0046DC7C /* NewItemsPersonalViewVM.swift */; };
		4EA999512B525C240046DC7C /* NewItemsMembersViewVM.swift in Sources */ = {isa = PBXBuildFile; fileRef = 4EA999502B525C240046DC7C /* NewItemsMembersViewVM.swift */; };
		4EA999532B525C2D0046DC7C /* LoginViewVM.swift in Sources */ = {isa = PBXBuildFile; fileRef = 4EA999522B525C2D0046DC7C /* LoginViewVM.swift */; };
		4EA999552B525C440046DC7C /* RegistrationViewVM.swift in Sources */ = {isa = PBXBuildFile; fileRef = 4EA999542B525C440046DC7C /* RegistrationViewVM.swift */; };
		4EA999572B525C5A0046DC7C /* PersonalToDoItemViewVM.swift in Sources */ = {isa = PBXBuildFile; fileRef = 4EA999562B525C5A0046DC7C /* PersonalToDoItemViewVM.swift */; };
		4EA999592B5263D50046DC7C /* HeaderView.swift in Sources */ = {isa = PBXBuildFile; fileRef = 4EA999582B5263D50046DC7C /* HeaderView.swift */; };
		4EA9995C2B52823A0046DC7C /* Redis in Frameworks */ = {isa = PBXBuildFile; productRef = 4EA9995B2B52823A0046DC7C /* Redis */; };
		4EA9995E2B530B9A0046DC7C /* Tabs.swift in Sources */ = {isa = PBXBuildFile; fileRef = 4EA9995D2B530B9A0046DC7C /* Tabs.swift */; };
		4EA999602B533A0F0046DC7C /* MapView.swift in Sources */ = {isa = PBXBuildFile; fileRef = 4EA9995F2B533A0F0046DC7C /* MapView.swift */; };
		4EA999622B537EEE0046DC7C /* Entry.swift in Sources */ = {isa = PBXBuildFile; fileRef = 4EA999612B537EEE0046DC7C /* Entry.swift */; };
		4EA999672B53A5FA0046DC7C /* GoogleService-Info.plist in Resources */ = {isa = PBXBuildFile; fileRef = 4EA999662B53A5FA0046DC7C /* GoogleService-Info.plist */; };
/* End PBXBuildFile section */

/* Begin PBXContainerItemProxy section */
		4EA999052B524E710046DC7C /* PBXContainerItemProxy */ = {
			isa = PBXContainerItemProxy;
			containerPortal = 4EA998EB2B524E6F0046DC7C /* Project object */;
			proxyType = 1;
			remoteGlobalIDString = 4EA998F22B524E6F0046DC7C;
			remoteInfo = CheckPoint;
		};
		4EA9990F2B524E710046DC7C /* PBXContainerItemProxy */ = {
			isa = PBXContainerItemProxy;
			containerPortal = 4EA998EB2B524E6F0046DC7C /* Project object */;
			proxyType = 1;
			remoteGlobalIDString = 4EA998F22B524E6F0046DC7C;
			remoteInfo = CheckPoint;
		};
/* End PBXContainerItemProxy section */

/* Begin PBXFileReference section */
		4EA998F32B524E6F0046DC7C /* CheckPoint.app */ = {isa = PBXFileReference; explicitFileType = wrapper.application; includeInIndex = 0; path = CheckPoint.app; sourceTree = BUILT_PRODUCTS_DIR; };
		4EA998F62B524E6F0046DC7C /* CheckPointApp.swift */ = {isa = PBXFileReference; lastKnownFileType = sourcecode.swift; path = CheckPointApp.swift; sourceTree = "<group>"; };
		4EA998F82B524E6F0046DC7C /* ContentView.swift */ = {isa = PBXFileReference; lastKnownFileType = sourcecode.swift; path = ContentView.swift; sourceTree = "<group>"; };
		4EA998FA2B524E710046DC7C /* Assets.xcassets */ = {isa = PBXFileReference; lastKnownFileType = folder.assetcatalog; path = Assets.xcassets; sourceTree = "<group>"; };
		4EA998FC2B524E710046DC7C /* CheckPoint.entitlements */ = {isa = PBXFileReference; lastKnownFileType = text.plist.entitlements; path = CheckPoint.entitlements; sourceTree = "<group>"; };
		4EA998FE2B524E710046DC7C /* Preview Assets.xcassets */ = {isa = PBXFileReference; lastKnownFileType = folder.assetcatalog; path = "Preview Assets.xcassets"; sourceTree = "<group>"; };
		4EA999042B524E710046DC7C /* CheckPointTests.xctest */ = {isa = PBXFileReference; explicitFileType = wrapper.cfbundle; includeInIndex = 0; path = CheckPointTests.xctest; sourceTree = BUILT_PRODUCTS_DIR; };
		4EA999082B524E710046DC7C /* CheckPointTests.swift */ = {isa = PBXFileReference; lastKnownFileType = sourcecode.swift; path = CheckPointTests.swift; sourceTree = "<group>"; };
		4EA9990E2B524E710046DC7C /* CheckPointUITests.xctest */ = {isa = PBXFileReference; explicitFileType = wrapper.cfbundle; includeInIndex = 0; path = CheckPointUITests.xctest; sourceTree = BUILT_PRODUCTS_DIR; };
		4EA999122B524E710046DC7C /* CheckPointUITests.swift */ = {isa = PBXFileReference; lastKnownFileType = sourcecode.swift; path = CheckPointUITests.swift; sourceTree = "<group>"; };
		4EA999142B524E710046DC7C /* CheckPointUITestsLaunchTests.swift */ = {isa = PBXFileReference; lastKnownFileType = sourcecode.swift; path = CheckPointUITestsLaunchTests.swift; sourceTree = "<group>"; };
		4EA9992E2B5258BD0046DC7C /* ProfileView.swift */ = {isa = PBXFileReference; lastKnownFileType = sourcecode.swift; path = ProfileView.swift; sourceTree = "<group>"; };
		4EA999302B5258E90046DC7C /* SelectUserView.swift */ = {isa = PBXFileReference; lastKnownFileType = sourcecode.swift; path = SelectUserView.swift; sourceTree = "<group>"; };
		4EA999322B5258FE0046DC7C /* MembersView.swift */ = {isa = PBXFileReference; lastKnownFileType = sourcecode.swift; path = MembersView.swift; sourceTree = "<group>"; };
		4EA999342B52593B0046DC7C /* PersonalToDoView.swift */ = {isa = PBXFileReference; lastKnownFileType = sourcecode.swift; path = PersonalToDoView.swift; sourceTree = "<group>"; };
		4EA999382B5259700046DC7C /* NewItemsMembersView.swift */ = {isa = PBXFileReference; lastKnownFileType = sourcecode.swift; path = NewItemsMembersView.swift; sourceTree = "<group>"; };
		4EA9993A2B525A9C0046DC7C /* LoginView.swift */ = {isa = PBXFileReference; lastKnownFileType = sourcecode.swift; path = LoginView.swift; sourceTree = "<group>"; };
		4EA9993C2B525AA60046DC7C /* RegistrationView.swift */ = {isa = PBXFileReference; lastKnownFileType = sourcecode.swift; path = RegistrationView.swift; sourceTree = "<group>"; };
		4EA9993E2B525B240046DC7C /* PersonalToDoItemView.swift */ = {isa = PBXFileReference; lastKnownFileType = sourcecode.swift; path = PersonalToDoItemView.swift; sourceTree = "<group>"; };
		4EA999402B525B4A0046DC7C /* Account.swift */ = {isa = PBXFileReference; lastKnownFileType = sourcecode.swift; path = Account.swift; sourceTree = "<group>"; };
		4EA999422B525B700046DC7C /* ToDoListItem.swift */ = {isa = PBXFileReference; lastKnownFileType = sourcecode.swift; path = ToDoListItem.swift; sourceTree = "<group>"; };
		4EA999442B525BA50046DC7C /* ContentViewVM.swift */ = {isa = PBXFileReference; lastKnownFileType = sourcecode.swift; path = ContentViewVM.swift; sourceTree = "<group>"; };
		4EA999462B525BD30046DC7C /* ProfileViewVM.swift */ = {isa = PBXFileReference; lastKnownFileType = sourcecode.swift; path = ProfileViewVM.swift; sourceTree = "<group>"; };
		4EA999482B525BE10046DC7C /* SelectUserVM.swift */ = {isa = PBXFileReference; lastKnownFileType = sourcecode.swift; path = SelectUserVM.swift; sourceTree = "<group>"; };
		4EA9994A2B525BF10046DC7C /* MembersViewVM.swift */ = {isa = PBXFileReference; lastKnownFileType = sourcecode.swift; path = MembersViewVM.swift; sourceTree = "<group>"; };
		4EA9994C2B525C000046DC7C /* PersonalToDoViewVM.swift */ = {isa = PBXFileReference; lastKnownFileType = sourcecode.swift; path = PersonalToDoViewVM.swift; sourceTree = "<group>"; };
		4EA9994E2B525C0E0046DC7C /* NewItemsPersonalViewVM.swift */ = {isa = PBXFileReference; lastKnownFileType = sourcecode.swift; path = NewItemsPersonalViewVM.swift; sourceTree = "<group>"; };
		4EA999502B525C240046DC7C /* NewItemsMembersViewVM.swift */ = {isa = PBXFileReference; lastKnownFileType = sourcecode.swift; path = NewItemsMembersViewVM.swift; sourceTree = "<group>"; };
		4EA999522B525C2D0046DC7C /* LoginViewVM.swift */ = {isa = PBXFileReference; lastKnownFileType = sourcecode.swift; path = LoginViewVM.swift; sourceTree = "<group>"; };
		4EA999542B525C440046DC7C /* RegistrationViewVM.swift */ = {isa = PBXFileReference; lastKnownFileType = sourcecode.swift; path = RegistrationViewVM.swift; sourceTree = "<group>"; };
		4EA999562B525C5A0046DC7C /* PersonalToDoItemViewVM.swift */ = {isa = PBXFileReference; lastKnownFileType = sourcecode.swift; path = PersonalToDoItemViewVM.swift; sourceTree = "<group>"; };
		4EA999582B5263D50046DC7C /* HeaderView.swift */ = {isa = PBXFileReference; lastKnownFileType = sourcecode.swift; path = HeaderView.swift; sourceTree = "<group>"; };
		4EA9995D2B530B9A0046DC7C /* Tabs.swift */ = {isa = PBXFileReference; lastKnownFileType = sourcecode.swift; path = Tabs.swift; sourceTree = "<group>"; };
		4EA9995F2B533A0F0046DC7C /* MapView.swift */ = {isa = PBXFileReference; lastKnownFileType = sourcecode.swift; path = MapView.swift; sourceTree = "<group>"; };
		4EA999612B537EEE0046DC7C /* Entry.swift */ = {isa = PBXFileReference; lastKnownFileType = sourcecode.swift; path = Entry.swift; sourceTree = "<group>"; };
		4EA999632B5386E00046DC7C /* Info.plist */ = {isa = PBXFileReference; lastKnownFileType = text.plist; path = Info.plist; sourceTree = "<group>"; };
		4EA999662B53A5FA0046DC7C /* GoogleService-Info.plist */ = {isa = PBXFileReference; fileEncoding = 4; lastKnownFileType = text.plist.xml; path = "GoogleService-Info.plist"; sourceTree = "<group>"; };
/* End PBXFileReference section */

/* Begin PBXFrameworksBuildPhase section */
		4EA998F02B524E6F0046DC7C /* Frameworks */ = {
			isa = PBXFrameworksBuildPhase;
			buildActionMask = 2147483647;
			files = (
				4EA9995C2B52823A0046DC7C /* Redis in Frameworks */,
				4EA999232B5251580046DC7C /* FirebaseAuth in Frameworks */,
				4EA999252B5251580046DC7C /* FirebaseFirestore in Frameworks */,
				4EA999272B5251580046DC7C /* FirebaseFirestoreSwift in Frameworks */,
			);
			runOnlyForDeploymentPostprocessing = 0;
		};
		4EA999012B524E710046DC7C /* Frameworks */ = {
			isa = PBXFrameworksBuildPhase;
			buildActionMask = 2147483647;
			files = (
			);
			runOnlyForDeploymentPostprocessing = 0;
		};
		4EA9990B2B524E710046DC7C /* Frameworks */ = {
			isa = PBXFrameworksBuildPhase;
			buildActionMask = 2147483647;
			files = (
			);
			runOnlyForDeploymentPostprocessing = 0;
		};
/* End PBXFrameworksBuildPhase section */

/* Begin PBXGroup section */
		4EA998EA2B524E6F0046DC7C = {
			isa = PBXGroup;
			children = (
				4EA998F52B524E6F0046DC7C /* CheckPoint */,
				4EA999072B524E710046DC7C /* CheckPointTests */,
				4EA999112B524E710046DC7C /* CheckPointUITests */,
				4EA998F42B524E6F0046DC7C /* Products */,
			);
			sourceTree = "<group>";
		};
		4EA998F42B524E6F0046DC7C /* Products */ = {
			isa = PBXGroup;
			children = (
				4EA998F32B524E6F0046DC7C /* CheckPoint.app */,
				4EA999042B524E710046DC7C /* CheckPointTests.xctest */,
				4EA9990E2B524E710046DC7C /* CheckPointUITests.xctest */,
			);
			name = Products;
			sourceTree = "<group>";
		};
		4EA998F52B524E6F0046DC7C /* CheckPoint */ = {
			isa = PBXGroup;
			children = (
				4EA999632B5386E00046DC7C /* Info.plist */,
				4EA9992D2B5257EB0046DC7C /* Other */,
				4EA9992C2B5257CA0046DC7C /* Models */,
				4EA9992B2B5257810046DC7C /* ViewModel */,
				4EA9992A2B52574C0046DC7C /* Views */,
				4EA998FC2B524E710046DC7C /* CheckPoint.entitlements */,
				4EA998FD2B524E710046DC7C /* Preview Content */,
			);
			path = CheckPoint;
			sourceTree = "<group>";
		};
		4EA998FD2B524E710046DC7C /* Preview Content */ = {
			isa = PBXGroup;
			children = (
				4EA998FE2B524E710046DC7C /* Preview Assets.xcassets */,
			);
			path = "Preview Content";
			sourceTree = "<group>";
		};
		4EA999072B524E710046DC7C /* CheckPointTests */ = {
			isa = PBXGroup;
			children = (
				4EA999082B524E710046DC7C /* CheckPointTests.swift */,
			);
			path = CheckPointTests;
			sourceTree = "<group>";
		};
		4EA999112B524E710046DC7C /* CheckPointUITests */ = {
			isa = PBXGroup;
			children = (
				4EA999122B524E710046DC7C /* CheckPointUITests.swift */,
				4EA999142B524E710046DC7C /* CheckPointUITestsLaunchTests.swift */,
			);
			path = CheckPointUITests;
			sourceTree = "<group>";
		};
		4EA9992A2B52574C0046DC7C /* Views */ = {
			isa = PBXGroup;
			children = (
				4EA998F82B524E6F0046DC7C /* ContentView.swift */,
				4EA9992E2B5258BD0046DC7C /* ProfileView.swift */,
				4EA999302B5258E90046DC7C /* SelectUserView.swift */,
				4EA999322B5258FE0046DC7C /* MembersView.swift */,
				4EA999342B52593B0046DC7C /* PersonalToDoView.swift */,
				4EA999612B537EEE0046DC7C /* Entry.swift */,
				4EA999382B5259700046DC7C /* NewItemsMembersView.swift */,
				4EA9993A2B525A9C0046DC7C /* LoginView.swift */,
				4EA9993C2B525AA60046DC7C /* RegistrationView.swift */,
				4EA9993E2B525B240046DC7C /* PersonalToDoItemView.swift */,
				4EA999582B5263D50046DC7C /* HeaderView.swift */,
				4EA9995D2B530B9A0046DC7C /* Tabs.swift */,
				4EA9995F2B533A0F0046DC7C /* MapView.swift */,
			);
			path = Views;
			sourceTree = "<group>";
		};
		4EA9992B2B5257810046DC7C /* ViewModel */ = {
			isa = PBXGroup;
			children = (
				4EA999442B525BA50046DC7C /* ContentViewVM.swift */,
				4EA999462B525BD30046DC7C /* ProfileViewVM.swift */,
				4EA999482B525BE10046DC7C /* SelectUserVM.swift */,
				4EA9994A2B525BF10046DC7C /* MembersViewVM.swift */,
				4EA9994C2B525C000046DC7C /* PersonalToDoViewVM.swift */,
				4EA9994E2B525C0E0046DC7C /* NewItemsPersonalViewVM.swift */,
				4EA999502B525C240046DC7C /* NewItemsMembersViewVM.swift */,
				4EA999522B525C2D0046DC7C /* LoginViewVM.swift */,
				4EA999542B525C440046DC7C /* RegistrationViewVM.swift */,
				4EA999562B525C5A0046DC7C /* PersonalToDoItemViewVM.swift */,
			);
			path = ViewModel;
			sourceTree = "<group>";
		};
		4EA9992C2B5257CA0046DC7C /* Models */ = {
			isa = PBXGroup;
			children = (
				4EA999402B525B4A0046DC7C /* Account.swift */,
				4EA999422B525B700046DC7C /* ToDoListItem.swift */,
			);
			path = Models;
			sourceTree = "<group>";
		};
		4EA9992D2B5257EB0046DC7C /* Other */ = {
			isa = PBXGroup;
			children = (
				4EA999662B53A5FA0046DC7C /* GoogleService-Info.plist */,
				4EA998F62B524E6F0046DC7C /* CheckPointApp.swift */,
				4EA998FA2B524E710046DC7C /* Assets.xcassets */,
			);
			path = Other;
			sourceTree = "<group>";
		};
/* End PBXGroup section */

/* Begin PBXNativeTarget section */
		4EA998F22B524E6F0046DC7C /* CheckPoint */ = {
			isa = PBXNativeTarget;
			buildConfigurationList = 4EA999182B524E710046DC7C /* Build configuration list for PBXNativeTarget "CheckPoint" */;
			buildPhases = (
				4EA998EF2B524E6F0046DC7C /* Sources */,
				4EA998F02B524E6F0046DC7C /* Frameworks */,
				4EA998F12B524E6F0046DC7C /* Resources */,
			);
			buildRules = (
			);
			dependencies = (
			);
			name = CheckPoint;
			packageProductDependencies = (
				4EA999222B5251580046DC7C /* FirebaseAuth */,
				4EA999242B5251580046DC7C /* FirebaseFirestore */,
				4EA999262B5251580046DC7C /* FirebaseFirestoreSwift */,
				4EA9995B2B52823A0046DC7C /* Redis */,
			);
			productName = CheckPoint;
			productReference = 4EA998F32B524E6F0046DC7C /* CheckPoint.app */;
			productType = "com.apple.product-type.application";
		};
		4EA999032B524E710046DC7C /* CheckPointTests */ = {
			isa = PBXNativeTarget;
			buildConfigurationList = 4EA9991B2B524E710046DC7C /* Build configuration list for PBXNativeTarget "CheckPointTests" */;
			buildPhases = (
				4EA999002B524E710046DC7C /* Sources */,
				4EA999012B524E710046DC7C /* Frameworks */,
				4EA999022B524E710046DC7C /* Resources */,
			);
			buildRules = (
			);
			dependencies = (
				4EA999062B524E710046DC7C /* PBXTargetDependency */,
			);
			name = CheckPointTests;
			productName = CheckPointTests;
			productReference = 4EA999042B524E710046DC7C /* CheckPointTests.xctest */;
			productType = "com.apple.product-type.bundle.unit-test";
		};
		4EA9990D2B524E710046DC7C /* CheckPointUITests */ = {
			isa = PBXNativeTarget;
			buildConfigurationList = 4EA9991E2B524E710046DC7C /* Build configuration list for PBXNativeTarget "CheckPointUITests" */;
			buildPhases = (
				4EA9990A2B524E710046DC7C /* Sources */,
				4EA9990B2B524E710046DC7C /* Frameworks */,
				4EA9990C2B524E710046DC7C /* Resources */,
			);
			buildRules = (
			);
			dependencies = (
				4EA999102B524E710046DC7C /* PBXTargetDependency */,
			);
			name = CheckPointUITests;
			productName = CheckPointUITests;
			productReference = 4EA9990E2B524E710046DC7C /* CheckPointUITests.xctest */;
			productType = "com.apple.product-type.bundle.ui-testing";
		};
/* End PBXNativeTarget section */

/* Begin PBXProject section */
		4EA998EB2B524E6F0046DC7C /* Project object */ = {
			isa = PBXProject;
			attributes = {
				BuildIndependentTargetsInParallel = 1;
				LastSwiftUpdateCheck = 1520;
				LastUpgradeCheck = 1520;
				TargetAttributes = {
					4EA998F22B524E6F0046DC7C = {
						CreatedOnToolsVersion = 15.2;
					};
					4EA999032B524E710046DC7C = {
						CreatedOnToolsVersion = 15.2;
						TestTargetID = 4EA998F22B524E6F0046DC7C;
					};
					4EA9990D2B524E710046DC7C = {
						CreatedOnToolsVersion = 15.2;
						TestTargetID = 4EA998F22B524E6F0046DC7C;
					};
				};
			};
			buildConfigurationList = 4EA998EE2B524E6F0046DC7C /* Build configuration list for PBXProject "CheckPoint" */;
			compatibilityVersion = "Xcode 14.0";
			developmentRegion = en;
			hasScannedForEncodings = 0;
			knownRegions = (
				en,
				Base,
			);
			mainGroup = 4EA998EA2B524E6F0046DC7C;
			packageReferences = (
				4EA999212B5250CB0046DC7C /* XCRemoteSwiftPackageReference "firebase-ios-sdk" */,
				4EA9995A2B52823A0046DC7C /* XCRemoteSwiftPackageReference "redis" */,
			);
			productRefGroup = 4EA998F42B524E6F0046DC7C /* Products */;
			projectDirPath = "";
			projectRoot = "";
			targets = (
				4EA998F22B524E6F0046DC7C /* CheckPoint */,
				4EA999032B524E710046DC7C /* CheckPointTests */,
				4EA9990D2B524E710046DC7C /* CheckPointUITests */,
			);
		};
/* End PBXProject section */

/* Begin PBXResourcesBuildPhase section */
		4EA998F12B524E6F0046DC7C /* Resources */ = {
			isa = PBXResourcesBuildPhase;
			buildActionMask = 2147483647;
			files = (
				4EA998FF2B524E710046DC7C /* Preview Assets.xcassets in Resources */,
				4EA998FB2B524E710046DC7C /* Assets.xcassets in Resources */,
				4EA999672B53A5FA0046DC7C /* GoogleService-Info.plist in Resources */,
			);
			runOnlyForDeploymentPostprocessing = 0;
		};
		4EA999022B524E710046DC7C /* Resources */ = {
			isa = PBXResourcesBuildPhase;
			buildActionMask = 2147483647;
			files = (
			);
			runOnlyForDeploymentPostprocessing = 0;
		};
		4EA9990C2B524E710046DC7C /* Resources */ = {
			isa = PBXResourcesBuildPhase;
			buildActionMask = 2147483647;
			files = (
			);
			runOnlyForDeploymentPostprocessing = 0;
		};
/* End PBXResourcesBuildPhase section */

/* Begin PBXSourcesBuildPhase section */
		4EA998EF2B524E6F0046DC7C /* Sources */ = {
			isa = PBXSourcesBuildPhase;
			buildActionMask = 2147483647;
			files = (
				4EA999572B525C5A0046DC7C /* PersonalToDoItemViewVM.swift in Sources */,
				4EA999352B52593B0046DC7C /* PersonalToDoView.swift in Sources */,
				4EA9994F2B525C0E0046DC7C /* NewItemsPersonalViewVM.swift in Sources */,
				4EA9995E2B530B9A0046DC7C /* Tabs.swift in Sources */,
				4EA999552B525C440046DC7C /* RegistrationViewVM.swift in Sources */,
				4EA9994B2B525BF10046DC7C /* MembersViewVM.swift in Sources */,
				4EA999332B5258FE0046DC7C /* MembersView.swift in Sources */,
				4EA998F92B524E6F0046DC7C /* ContentView.swift in Sources */,
				4EA999592B5263D50046DC7C /* HeaderView.swift in Sources */,
				4EA9993B2B525A9C0046DC7C /* LoginView.swift in Sources */,
				4EA9994D2B525C000046DC7C /* PersonalToDoViewVM.swift in Sources */,
				4EA999412B525B4A0046DC7C /* Account.swift in Sources */,
				4EA9993F2B525B240046DC7C /* PersonalToDoItemView.swift in Sources */,
				4EA999312B5258E90046DC7C /* SelectUserView.swift in Sources */,
				4EA999622B537EEE0046DC7C /* Entry.swift in Sources */,
				4EA9992F2B5258BD0046DC7C /* ProfileView.swift in Sources */,
				4EA999532B525C2D0046DC7C /* LoginViewVM.swift in Sources */,
				4EA999602B533A0F0046DC7C /* MapView.swift in Sources */,
				4EA999392B5259700046DC7C /* NewItemsMembersView.swift in Sources */,
				4EA998F72B524E6F0046DC7C /* CheckPointApp.swift in Sources */,
				4EA999472B525BD40046DC7C /* ProfileViewVM.swift in Sources */,
				4EA999452B525BA50046DC7C /* ContentViewVM.swift in Sources */,
				4EA999432B525B700046DC7C /* ToDoListItem.swift in Sources */,
				4EA9993D2B525AA60046DC7C /* RegistrationView.swift in Sources */,
				4EA999492B525BE10046DC7C /* SelectUserVM.swift in Sources */,
				4EA999512B525C240046DC7C /* NewItemsMembersViewVM.swift in Sources */,
			);
			runOnlyForDeploymentPostprocessing = 0;
		};
		4EA999002B524E710046DC7C /* Sources */ = {
			isa = PBXSourcesBuildPhase;
			buildActionMask = 2147483647;
			files = (
				4EA999092B524E710046DC7C /* CheckPointTests.swift in Sources */,
			);
			runOnlyForDeploymentPostprocessing = 0;
		};
		4EA9990A2B524E710046DC7C /* Sources */ = {
			isa = PBXSourcesBuildPhase;
			buildActionMask = 2147483647;
			files = (
				4EA999152B524E710046DC7C /* CheckPointUITestsLaunchTests.swift in Sources */,
				4EA999132B524E710046DC7C /* CheckPointUITests.swift in Sources */,
			);
			runOnlyForDeploymentPostprocessing = 0;
		};
/* End PBXSourcesBuildPhase section */

/* Begin PBXTargetDependency section */
		4EA999062B524E710046DC7C /* PBXTargetDependency */ = {
			isa = PBXTargetDependency;
			target = 4EA998F22B524E6F0046DC7C /* CheckPoint */;
			targetProxy = 4EA999052B524E710046DC7C /* PBXContainerItemProxy */;
		};
		4EA999102B524E710046DC7C /* PBXTargetDependency */ = {
			isa = PBXTargetDependency;
			target = 4EA998F22B524E6F0046DC7C /* CheckPoint */;
			targetProxy = 4EA9990F2B524E710046DC7C /* PBXContainerItemProxy */;
		};
/* End PBXTargetDependency section */

/* Begin XCBuildConfiguration section */
		4EA999162B524E710046DC7C /* Debug */ = {
			isa = XCBuildConfiguration;
			buildSettings = {
				ALWAYS_SEARCH_USER_PATHS = NO;
				ASSETCATALOG_COMPILER_GENERATE_SWIFT_ASSET_SYMBOL_EXTENSIONS = YES;
				CLANG_ANALYZER_NONNULL = YES;
				CLANG_ANALYZER_NUMBER_OBJECT_CONVERSION = YES_AGGRESSIVE;
				CLANG_CXX_LANGUAGE_STANDARD = "gnu++20";
				CLANG_ENABLE_MODULES = YES;
				CLANG_ENABLE_OBJC_ARC = YES;
				CLANG_ENABLE_OBJC_WEAK = YES;
				CLANG_WARN_BLOCK_CAPTURE_AUTORELEASING = YES;
				CLANG_WARN_BOOL_CONVERSION = YES;
				CLANG_WARN_COMMA = YES;
				CLANG_WARN_CONSTANT_CONVERSION = YES;
				CLANG_WARN_DEPRECATED_OBJC_IMPLEMENTATIONS = YES;
				CLANG_WARN_DIRECT_OBJC_ISA_USAGE = YES_ERROR;
				CLANG_WARN_DOCUMENTATION_COMMENTS = YES;
				CLANG_WARN_EMPTY_BODY = YES;
				CLANG_WARN_ENUM_CONVERSION = YES;
				CLANG_WARN_INFINITE_RECURSION = YES;
				CLANG_WARN_INT_CONVERSION = YES;
				CLANG_WARN_NON_LITERAL_NULL_CONVERSION = YES;
				CLANG_WARN_OBJC_IMPLICIT_RETAIN_SELF = YES;
				CLANG_WARN_OBJC_LITERAL_CONVERSION = YES;
				CLANG_WARN_OBJC_ROOT_CLASS = YES_ERROR;
				CLANG_WARN_QUOTED_INCLUDE_IN_FRAMEWORK_HEADER = YES;
				CLANG_WARN_RANGE_LOOP_ANALYSIS = YES;
				CLANG_WARN_STRICT_PROTOTYPES = YES;
				CLANG_WARN_SUSPICIOUS_MOVE = YES;
				CLANG_WARN_UNGUARDED_AVAILABILITY = YES_AGGRESSIVE;
				CLANG_WARN_UNREACHABLE_CODE = YES;
				CLANG_WARN__DUPLICATE_METHOD_MATCH = YES;
				COPY_PHASE_STRIP = NO;
				DEBUG_INFORMATION_FORMAT = dwarf;
				ENABLE_STRICT_OBJC_MSGSEND = YES;
				ENABLE_TESTABILITY = YES;
				ENABLE_USER_SCRIPT_SANDBOXING = YES;
				GCC_C_LANGUAGE_STANDARD = gnu17;
				GCC_DYNAMIC_NO_PIC = NO;
				GCC_NO_COMMON_BLOCKS = YES;
				GCC_OPTIMIZATION_LEVEL = 0;
				GCC_PREPROCESSOR_DEFINITIONS = (
					"DEBUG=1",
					"$(inherited)",
				);
				GCC_WARN_64_TO_32_BIT_CONVERSION = YES;
				GCC_WARN_ABOUT_RETURN_TYPE = YES_ERROR;
				GCC_WARN_UNDECLARED_SELECTOR = YES;
				GCC_WARN_UNINITIALIZED_AUTOS = YES_AGGRESSIVE;
				GCC_WARN_UNUSED_FUNCTION = YES;
				GCC_WARN_UNUSED_VARIABLE = YES;
				LOCALIZATION_PREFERS_STRING_CATALOGS = YES;
				MTL_ENABLE_DEBUG_INFO = INCLUDE_SOURCE;
				MTL_FAST_MATH = YES;
				ONLY_ACTIVE_ARCH = YES;
				SWIFT_ACTIVE_COMPILATION_CONDITIONS = "DEBUG $(inherited)";
				SWIFT_OPTIMIZATION_LEVEL = "-Onone";
			};
			name = Debug;
		};
		4EA999172B524E710046DC7C /* Release */ = {
			isa = XCBuildConfiguration;
			buildSettings = {
				ALWAYS_SEARCH_USER_PATHS = NO;
				ASSETCATALOG_COMPILER_GENERATE_SWIFT_ASSET_SYMBOL_EXTENSIONS = YES;
				CLANG_ANALYZER_NONNULL = YES;
				CLANG_ANALYZER_NUMBER_OBJECT_CONVERSION = YES_AGGRESSIVE;
				CLANG_CXX_LANGUAGE_STANDARD = "gnu++20";
				CLANG_ENABLE_MODULES = YES;
				CLANG_ENABLE_OBJC_ARC = YES;
				CLANG_ENABLE_OBJC_WEAK = YES;
				CLANG_WARN_BLOCK_CAPTURE_AUTORELEASING = YES;
				CLANG_WARN_BOOL_CONVERSION = YES;
				CLANG_WARN_COMMA = YES;
				CLANG_WARN_CONSTANT_CONVERSION = YES;
				CLANG_WARN_DEPRECATED_OBJC_IMPLEMENTATIONS = YES;
				CLANG_WARN_DIRECT_OBJC_ISA_USAGE = YES_ERROR;
				CLANG_WARN_DOCUMENTATION_COMMENTS = YES;
				CLANG_WARN_EMPTY_BODY = YES;
				CLANG_WARN_ENUM_CONVERSION = YES;
				CLANG_WARN_INFINITE_RECURSION = YES;
				CLANG_WARN_INT_CONVERSION = YES;
				CLANG_WARN_NON_LITERAL_NULL_CONVERSION = YES;
				CLANG_WARN_OBJC_IMPLICIT_RETAIN_SELF = YES;
				CLANG_WARN_OBJC_LITERAL_CONVERSION = YES;
				CLANG_WARN_OBJC_ROOT_CLASS = YES_ERROR;
				CLANG_WARN_QUOTED_INCLUDE_IN_FRAMEWORK_HEADER = YES;
				CLANG_WARN_RANGE_LOOP_ANALYSIS = YES;
				CLANG_WARN_STRICT_PROTOTYPES = YES;
				CLANG_WARN_SUSPICIOUS_MOVE = YES;
				CLANG_WARN_UNGUARDED_AVAILABILITY = YES_AGGRESSIVE;
				CLANG_WARN_UNREACHABLE_CODE = YES;
				CLANG_WARN__DUPLICATE_METHOD_MATCH = YES;
				COPY_PHASE_STRIP = NO;
				DEBUG_INFORMATION_FORMAT = "dwarf-with-dsym";
				ENABLE_NS_ASSERTIONS = NO;
				ENABLE_STRICT_OBJC_MSGSEND = YES;
				ENABLE_USER_SCRIPT_SANDBOXING = YES;
				GCC_C_LANGUAGE_STANDARD = gnu17;
				GCC_NO_COMMON_BLOCKS = YES;
				GCC_WARN_64_TO_32_BIT_CONVERSION = YES;
				GCC_WARN_ABOUT_RETURN_TYPE = YES_ERROR;
				GCC_WARN_UNDECLARED_SELECTOR = YES;
				GCC_WARN_UNINITIALIZED_AUTOS = YES_AGGRESSIVE;
				GCC_WARN_UNUSED_FUNCTION = YES;
				GCC_WARN_UNUSED_VARIABLE = YES;
				LOCALIZATION_PREFERS_STRING_CATALOGS = YES;
				MTL_ENABLE_DEBUG_INFO = NO;
				MTL_FAST_MATH = YES;
				SWIFT_COMPILATION_MODE = wholemodule;
			};
			name = Release;
		};
		4EA999192B524E710046DC7C /* Debug */ = {
			isa = XCBuildConfiguration;
			buildSettings = {
				ASSETCATALOG_COMPILER_APPICON_NAME = AppIcon;
				ASSETCATALOG_COMPILER_GLOBAL_ACCENT_COLOR_NAME = AccentColor;
				CODE_SIGN_ENTITLEMENTS = CheckPoint/CheckPoint.entitlements;
				CODE_SIGN_STYLE = Automatic;
				CURRENT_PROJECT_VERSION = 1;
				DEVELOPMENT_ASSET_PATHS = "\"CheckPoint/Preview Content\"";
				ENABLE_PREVIEWS = YES;
				GENERATE_INFOPLIST_FILE = YES;
				INFOPLIST_FILE = CheckPoint/Info.plist;
				"INFOPLIST_KEY_UIApplicationSceneManifest_Generation[sdk=iphoneos*]" = YES;
				"INFOPLIST_KEY_UIApplicationSceneManifest_Generation[sdk=iphonesimulator*]" = YES;
				"INFOPLIST_KEY_UIApplicationSupportsIndirectInputEvents[sdk=iphoneos*]" = YES;
				"INFOPLIST_KEY_UIApplicationSupportsIndirectInputEvents[sdk=iphonesimulator*]" = YES;
				"INFOPLIST_KEY_UILaunchScreen_Generation[sdk=iphoneos*]" = YES;
				"INFOPLIST_KEY_UILaunchScreen_Generation[sdk=iphonesimulator*]" = YES;
				"INFOPLIST_KEY_UIStatusBarStyle[sdk=iphoneos*]" = UIStatusBarStyleDefault;
				"INFOPLIST_KEY_UIStatusBarStyle[sdk=iphonesimulator*]" = UIStatusBarStyleDefault;
				INFOPLIST_KEY_UISupportedInterfaceOrientations = UIInterfaceOrientationPortrait;
				IPHONEOS_DEPLOYMENT_TARGET = 17.2;
				LD_RUNPATH_SEARCH_PATHS = "@executable_path/Frameworks";
				"LD_RUNPATH_SEARCH_PATHS[sdk=macosx*]" = "@executable_path/../Frameworks";
				MACOSX_DEPLOYMENT_TARGET = 14.0;
				MARKETING_VERSION = 1.0;
				PRODUCT_BUNDLE_IDENTIFIER = shehacks.CheckPoint;
				PRODUCT_NAME = "$(TARGET_NAME)";
				SDKROOT = auto;
				SUPPORTED_PLATFORMS = "iphoneos iphonesimulator macosx";
				SWIFT_EMIT_LOC_STRINGS = YES;
				SWIFT_VERSION = 5.0;
				TARGETED_DEVICE_FAMILY = "1,2";
			};
			name = Debug;
		};
		4EA9991A2B524E710046DC7C /* Release */ = {
			isa = XCBuildConfiguration;
			buildSettings = {
				ASSETCATALOG_COMPILER_APPICON_NAME = AppIcon;
				ASSETCATALOG_COMPILER_GLOBAL_ACCENT_COLOR_NAME = AccentColor;
				CODE_SIGN_ENTITLEMENTS = CheckPoint/CheckPoint.entitlements;
				CODE_SIGN_STYLE = Automatic;
				CURRENT_PROJECT_VERSION = 1;
				DEVELOPMENT_ASSET_PATHS = "\"CheckPoint/Preview Content\"";
				ENABLE_PREVIEWS = YES;
				GENERATE_INFOPLIST_FILE = YES;
				INFOPLIST_FILE = CheckPoint/Info.plist;
				"INFOPLIST_KEY_UIApplicationSceneManifest_Generation[sdk=iphoneos*]" = YES;
				"INFOPLIST_KEY_UIApplicationSceneManifest_Generation[sdk=iphonesimulator*]" = YES;
				"INFOPLIST_KEY_UIApplicationSupportsIndirectInputEvents[sdk=iphoneos*]" = YES;
				"INFOPLIST_KEY_UIApplicationSupportsIndirectInputEvents[sdk=iphonesimulator*]" = YES;
				"INFOPLIST_KEY_UILaunchScreen_Generation[sdk=iphoneos*]" = YES;
				"INFOPLIST_KEY_UILaunchScreen_Generation[sdk=iphonesimulator*]" = YES;
				"INFOPLIST_KEY_UIStatusBarStyle[sdk=iphoneos*]" = UIStatusBarStyleDefault;
				"INFOPLIST_KEY_UIStatusBarStyle[sdk=iphonesimulator*]" = UIStatusBarStyleDefault;
				INFOPLIST_KEY_UISupportedInterfaceOrientations = UIInterfaceOrientationPortrait;
				IPHONEOS_DEPLOYMENT_TARGET = 17.2;
				LD_RUNPATH_SEARCH_PATHS = "@executable_path/Frameworks";
				"LD_RUNPATH_SEARCH_PATHS[sdk=macosx*]" = "@executable_path/../Frameworks";
				MACOSX_DEPLOYMENT_TARGET = 14.0;
				MARKETING_VERSION = 1.0;
				PRODUCT_BUNDLE_IDENTIFIER = shehacks.CheckPoint;
				PRODUCT_NAME = "$(TARGET_NAME)";
				SDKROOT = auto;
				SUPPORTED_PLATFORMS = "iphoneos iphonesimulator macosx";
				SWIFT_EMIT_LOC_STRINGS = YES;
				SWIFT_VERSION = 5.0;
				TARGETED_DEVICE_FAMILY = "1,2";
			};
			name = Release;
		};
		4EA9991C2B524E710046DC7C /* Debug */ = {
			isa = XCBuildConfiguration;
			buildSettings = {
				ALWAYS_EMBED_SWIFT_STANDARD_LIBRARIES = YES;
				BUNDLE_LOADER = "$(TEST_HOST)";
				CODE_SIGN_STYLE = Automatic;
				CURRENT_PROJECT_VERSION = 1;
				GENERATE_INFOPLIST_FILE = YES;
				IPHONEOS_DEPLOYMENT_TARGET = 17.2;
				MACOSX_DEPLOYMENT_TARGET = 14.0;
				MARKETING_VERSION = 1.0;
				PRODUCT_BUNDLE_IDENTIFIER = shehacks.CheckPointTests;
				PRODUCT_NAME = "$(TARGET_NAME)";
				SDKROOT = auto;
				SUPPORTED_PLATFORMS = "iphoneos iphonesimulator macosx";
				SWIFT_EMIT_LOC_STRINGS = NO;
				SWIFT_VERSION = 5.0;
				TARGETED_DEVICE_FAMILY = "1,2";
				TEST_HOST = "$(BUILT_PRODUCTS_DIR)/CheckPoint.app/$(BUNDLE_EXECUTABLE_FOLDER_PATH)/CheckPoint";
			};
			name = Debug;
		};
		4EA9991D2B524E710046DC7C /* Release */ = {
			isa = XCBuildConfiguration;
			buildSettings = {
				ALWAYS_EMBED_SWIFT_STANDARD_LIBRARIES = YES;
				BUNDLE_LOADER = "$(TEST_HOST)";
				CODE_SIGN_STYLE = Automatic;
				CURRENT_PROJECT_VERSION = 1;
				GENERATE_INFOPLIST_FILE = YES;
				IPHONEOS_DEPLOYMENT_TARGET = 17.2;
				MACOSX_DEPLOYMENT_TARGET = 14.0;
				MARKETING_VERSION = 1.0;
				PRODUCT_BUNDLE_IDENTIFIER = shehacks.CheckPointTests;
				PRODUCT_NAME = "$(TARGET_NAME)";
				SDKROOT = auto;
				SUPPORTED_PLATFORMS = "iphoneos iphonesimulator macosx";
				SWIFT_EMIT_LOC_STRINGS = NO;
				SWIFT_VERSION = 5.0;
				TARGETED_DEVICE_FAMILY = "1,2";
				TEST_HOST = "$(BUILT_PRODUCTS_DIR)/CheckPoint.app/$(BUNDLE_EXECUTABLE_FOLDER_PATH)/CheckPoint";
			};
			name = Release;
		};
		4EA9991F2B524E710046DC7C /* Debug */ = {
			isa = XCBuildConfiguration;
			buildSettings = {
				ALWAYS_EMBED_SWIFT_STANDARD_LIBRARIES = YES;
				CODE_SIGN_STYLE = Automatic;
				CURRENT_PROJECT_VERSION = 1;
				GENERATE_INFOPLIST_FILE = YES;
				IPHONEOS_DEPLOYMENT_TARGET = 17.2;
				MACOSX_DEPLOYMENT_TARGET = 14.0;
				MARKETING_VERSION = 1.0;
				PRODUCT_BUNDLE_IDENTIFIER = shehacks.CheckPointUITests;
				PRODUCT_NAME = "$(TARGET_NAME)";
				SDKROOT = auto;
				SUPPORTED_PLATFORMS = "iphoneos iphonesimulator macosx";
				SWIFT_EMIT_LOC_STRINGS = NO;
				SWIFT_VERSION = 5.0;
				TARGETED_DEVICE_FAMILY = "1,2";
				TEST_TARGET_NAME = CheckPoint;
			};
			name = Debug;
		};
		4EA999202B524E710046DC7C /* Release */ = {
			isa = XCBuildConfiguration;
			buildSettings = {
				ALWAYS_EMBED_SWIFT_STANDARD_LIBRARIES = YES;
				CODE_SIGN_STYLE = Automatic;
				CURRENT_PROJECT_VERSION = 1;
				GENERATE_INFOPLIST_FILE = YES;
				IPHONEOS_DEPLOYMENT_TARGET = 17.2;
				MACOSX_DEPLOYMENT_TARGET = 14.0;
				MARKETING_VERSION = 1.0;
				PRODUCT_BUNDLE_IDENTIFIER = shehacks.CheckPointUITests;
				PRODUCT_NAME = "$(TARGET_NAME)";
				SDKROOT = auto;
				SUPPORTED_PLATFORMS = "iphoneos iphonesimulator macosx";
				SWIFT_EMIT_LOC_STRINGS = NO;
				SWIFT_VERSION = 5.0;
				TARGETED_DEVICE_FAMILY = "1,2";
				TEST_TARGET_NAME = CheckPoint;
			};
			name = Release;
		};
/* End XCBuildConfiguration section */

/* Begin XCConfigurationList section */
		4EA998EE2B524E6F0046DC7C /* Build configuration list for PBXProject "CheckPoint" */ = {
			isa = XCConfigurationList;
			buildConfigurations = (
				4EA999162B524E710046DC7C /* Debug */,
				4EA999172B524E710046DC7C /* Release */,
			);
			defaultConfigurationIsVisible = 0;
			defaultConfigurationName = Release;
		};
		4EA999182B524E710046DC7C /* Build configuration list for PBXNativeTarget "CheckPoint" */ = {
			isa = XCConfigurationList;
			buildConfigurations = (
				4EA999192B524E710046DC7C /* Debug */,
				4EA9991A2B524E710046DC7C /* Release */,
			);
			defaultConfigurationIsVisible = 0;
			defaultConfigurationName = Release;
		};
		4EA9991B2B524E710046DC7C /* Build configuration list for PBXNativeTarget "CheckPointTests" */ = {
			isa = XCConfigurationList;
			buildConfigurations = (
				4EA9991C2B524E710046DC7C /* Debug */,
				4EA9991D2B524E710046DC7C /* Release */,
			);
			defaultConfigurationIsVisible = 0;
			defaultConfigurationName = Release;
		};
		4EA9991E2B524E710046DC7C /* Build configuration list for PBXNativeTarget "CheckPointUITests" */ = {
			isa = XCConfigurationList;
			buildConfigurations = (
				4EA9991F2B524E710046DC7C /* Debug */,
				4EA999202B524E710046DC7C /* Release */,
			);
			defaultConfigurationIsVisible = 0;
			defaultConfigurationName = Release;
		};
/* End XCConfigurationList section */

/* Begin XCRemoteSwiftPackageReference section */
		4EA999212B5250CB0046DC7C /* XCRemoteSwiftPackageReference "firebase-ios-sdk" */ = {
			isa = XCRemoteSwiftPackageReference;
			repositoryURL = "https://github.com/firebase/firebase-ios-sdk";
			requirement = {
				kind = upToNextMajorVersion;
				minimumVersion = 10.19.1;
			};
		};
		4EA9995A2B52823A0046DC7C /* XCRemoteSwiftPackageReference "redis" */ = {
			isa = XCRemoteSwiftPackageReference;
			repositoryURL = "https://github.com/vapor/redis.git";
			requirement = {
				kind = upToNextMajorVersion;
				minimumVersion = 4.10.0;
			};
		};
/* End XCRemoteSwiftPackageReference section */

/* Begin XCSwiftPackageProductDependency section */
		4EA999222B5251580046DC7C /* FirebaseAuth */ = {
			isa = XCSwiftPackageProductDependency;
			package = 4EA999212B5250CB0046DC7C /* XCRemoteSwiftPackageReference "firebase-ios-sdk" */;
			productName = FirebaseAuth;
		};
		4EA999242B5251580046DC7C /* FirebaseFirestore */ = {
			isa = XCSwiftPackageProductDependency;
			package = 4EA999212B5250CB0046DC7C /* XCRemoteSwiftPackageReference "firebase-ios-sdk" */;
			productName = FirebaseFirestore;
		};
		4EA999262B5251580046DC7C /* FirebaseFirestoreSwift */ = {
			isa = XCSwiftPackageProductDependency;
			package = 4EA999212B5250CB0046DC7C /* XCRemoteSwiftPackageReference "firebase-ios-sdk" */;
			productName = FirebaseFirestoreSwift;
		};
		4EA9995B2B52823A0046DC7C /* Redis */ = {
			isa = XCSwiftPackageProductDependency;
			package = 4EA9995A2B52823A0046DC7C /* XCRemoteSwiftPackageReference "redis" */;
			productName = Redis;
		};
/* End XCSwiftPackageProductDependency section */
	};
	rootObject = 4EA998EB2B524E6F0046DC7C /* Project object */;
}
